
Microsoft Visual Studio Solution File, Format Version 12.00
# Visual Studio 15
Project("{FAE04EC0-301F-11D3-BF4B-00C04F79EFBC}") = "mpTestPrj", "Assembly-CSharp.csproj", "{81F589EC-1B80-161A-E12F-FEE22170DF1F}"
EndProject
Global
	GlobalSection(SolutionConfigurationPlatforms) = preSolution
		Debug|Any CPU = Debug|Any CPU
		Release|Any CPU = Release|Any CPU
	EndGlobalSection
	GlobalSection(ProjectConfigurationPlatforms) = postSolution
		{81F589EC-1B80-161A-E12F-FEE22170DF1F}.Debug|Any CPU.ActiveCfg = Debug|Any CPU
		{81F589EC-1B80-161A-E12F-FEE22170DF1F}.Debug|Any CPU.Build.0 = Debug|Any CPU
		{81F589EC-1B80-161A-E12F-FEE22170DF1F}.Release|Any CPU.ActiveCfg = Release|Any CPU
		{81F589EC-1B80-161A-E12F-FEE22170DF1F}.Release|Any CPU.Build.0 = Release|Any CPU
	EndGlobalSection
	GlobalSection(SolutionProperties) = preSolution
		HideSolutionNode = FALSE
	EndGlobalSection
EndGlobal
